
Microsoft Visual Studio Solution File, Format Version 12.00
# Visual Studio 2013
VisualStudioVersion = 12.0.30110.0
MinimumVisualStudioVersion = 10.0.40219.1
Project("{8BC9CEB8-8B4A-11D0-8D11-00A0C91BC942}") = "Shortest_Palindrome", "Shortest_Palindrome\Shortest_Palindrome.vcxproj", "{6D21FDF1-BA4F-4E50-BEC3-F412BFAA04C2}"
EndProject
Project("{8BC9CEB8-8B4A-11D0-8D11-00A0C91BC942}") = "GoogleTest", "GoogleTest\GoogleTest.vcxproj", "{CEA8161D-5B9F-44F2-A0D5-DEA17F7B02C0}"
EndProject
Project("{8BC9CEB8-8B4A-11D0-8D11-00A0C91BC942}") = "Shortest_Palindrome_ULT", "Shortest_Palindrome_ULT\Shortest_Palindrome_ULT.vcxproj", "{C70B0810-1124-40A9-BCDA-AFCFAE7CCA46}"
EndProject
Global
	GlobalSection(SolutionConfigurationPlatforms) = preSolution
		Debug|Win32 = Debug|Win32
		Release|Win32 = Release|Win32
	EndGlobalSection
	GlobalSection(ProjectConfigurationPlatforms) = postSolution
		{6D21FDF1-BA4F-4E50-BEC3-F412BFAA04C2}.Debug|Win32.ActiveCfg = Debug|Win32
		{6D21FDF1-BA4F-4E50-BEC3-F412BFAA04C2}.Debug|Win32.Build.0 = Debug|Win32
		{6D21FDF1-BA4F-4E50-BEC3-F412BFAA04C2}.Release|Win32.ActiveCfg = Release|Win32
		{6D21FDF1-BA4F-4E50-BEC3-F412BFAA04C2}.Release|Win32.Build.0 = Release|Win32
		{CEA8161D-5B9F-44F2-A0D5-DEA17F7B02C0}.Debug|Win32.ActiveCfg = Debug|Win32
		{CEA8161D-5B9F-44F2-A0D5-DEA17F7B02C0}.Debug|Win32.Build.0 = Debug|Win32
		{CEA8161D-5B9F-44F2-A0D5-DEA17F7B02C0}.Release|Win32.ActiveCfg = Release|Win32
		{CEA8161D-5B9F-44F2-A0D5-DEA17F7B02C0}.Release|Win32.Build.0 = Release|Win32
		{C70B0810-1124-40A9-BCDA-AFCFAE7CCA46}.Debug|Win32.ActiveCfg = Debug|Win32
		{C70B0810-1124-40A9-BCDA-AFCFAE7CCA46}.Debug|Win32.Build.0 = Debug|Win32
		{C70B0810-1124-40A9-BCDA-AFCFAE7CCA46}.Release|Win32.ActiveCfg = Release|Win32
		{C70B0810-1124-40A9-BCDA-AFCFAE7CCA46}.Release|Win32.Build.0 = Release|Win32
	EndGlobalSection
	GlobalSection(SolutionProperties) = preSolution
		HideSolutionNode = FALSE
	EndGlobalSection
EndGlobal
