
Microsoft Visual Studio Solution File, Format Version 12.00
# Visual Studio 2013
VisualStudioVersion = 12.0.30110.0
MinimumVisualStudioVersion = 10.0.40219.1
Project("{8BC9CEB8-8B4A-11D0-8D11-00A0C91BC942}") = "Bitwise_AND_of_Numbers_Range", "Bitwise_AND_of_Numbers_Range\Bitwise_AND_of_Numbers_Range.vcxproj", "{E8A31771-0DFC-4AFB-AB17-ED9F86B595A7}"
EndProject
Project("{8BC9CEB8-8B4A-11D0-8D11-00A0C91BC942}") = "GoogleTest", "GoogleTest\GoogleTest.vcxproj", "{5DE6C66A-C6F6-4155-8CC1-B6FB0E9114C4}"
EndProject
Project("{8BC9CEB8-8B4A-11D0-8D11-00A0C91BC942}") = "Bitwise_AND_of_Numbers_Range_ULT", "Bitwise_AND_of_Numbers_Range_ULT\Bitwise_AND_of_Numbers_Range_ULT.vcxproj", "{134E9228-B177-4ADA-8092-307E2AFE43AC}"
EndProject
Global
	GlobalSection(SolutionConfigurationPlatforms) = preSolution
		Debug|Win32 = Debug|Win32
		Release|Win32 = Release|Win32
	EndGlobalSection
	GlobalSection(ProjectConfigurationPlatforms) = postSolution
		{E8A31771-0DFC-4AFB-AB17-ED9F86B595A7}.Debug|Win32.ActiveCfg = Debug|Win32
		{E8A31771-0DFC-4AFB-AB17-ED9F86B595A7}.Debug|Win32.Build.0 = Debug|Win32
		{E8A31771-0DFC-4AFB-AB17-ED9F86B595A7}.Release|Win32.ActiveCfg = Release|Win32
		{E8A31771-0DFC-4AFB-AB17-ED9F86B595A7}.Release|Win32.Build.0 = Release|Win32
		{5DE6C66A-C6F6-4155-8CC1-B6FB0E9114C4}.Debug|Win32.ActiveCfg = Debug|Win32
		{5DE6C66A-C6F6-4155-8CC1-B6FB0E9114C4}.Debug|Win32.Build.0 = Debug|Win32
		{5DE6C66A-C6F6-4155-8CC1-B6FB0E9114C4}.Release|Win32.ActiveCfg = Release|Win32
		{5DE6C66A-C6F6-4155-8CC1-B6FB0E9114C4}.Release|Win32.Build.0 = Release|Win32
		{134E9228-B177-4ADA-8092-307E2AFE43AC}.Debug|Win32.ActiveCfg = Debug|Win32
		{134E9228-B177-4ADA-8092-307E2AFE43AC}.Debug|Win32.Build.0 = Debug|Win32
		{134E9228-B177-4ADA-8092-307E2AFE43AC}.Release|Win32.ActiveCfg = Release|Win32
		{134E9228-B177-4ADA-8092-307E2AFE43AC}.Release|Win32.Build.0 = Release|Win32
	EndGlobalSection
	GlobalSection(SolutionProperties) = preSolution
		HideSolutionNode = FALSE
	EndGlobalSection
EndGlobal
