
Microsoft Visual Studio Solution File, Format Version 12.00
# Visual Studio 2013
VisualStudioVersion = 12.0.30110.0
MinimumVisualStudioVersion = 10.0.40219.1
Project("{8BC9CEB8-8B4A-11D0-8D11-00A0C91BC942}") = "Unique_Binary_Search_Trees_II", "Unique_Binary_Search_Trees_II\Unique_Binary_Search_Trees_II.vcxproj", "{FCC1DB02-D66A-466D-A464-F153917B834E}"
EndProject
Project("{8BC9CEB8-8B4A-11D0-8D11-00A0C91BC942}") = "GoogleTest", "GoogleTest\GoogleTest.vcxproj", "{4F8D389E-3E76-47E5-A16F-3659063C7685}"
EndProject
Project("{8BC9CEB8-8B4A-11D0-8D11-00A0C91BC942}") = "Unique_Binary_Search_Trees_II_ULT", "Unique_Binary_Search_Trees_II_ULT\Unique_Binary_Search_Trees_II_ULT.vcxproj", "{49060206-CA5E-49C0-BF48-4811505C00CC}"
EndProject
Global
	GlobalSection(SolutionConfigurationPlatforms) = preSolution
		Debug|Win32 = Debug|Win32
		Release|Win32 = Release|Win32
	EndGlobalSection
	GlobalSection(ProjectConfigurationPlatforms) = postSolution
		{FCC1DB02-D66A-466D-A464-F153917B834E}.Debug|Win32.ActiveCfg = Debug|Win32
		{FCC1DB02-D66A-466D-A464-F153917B834E}.Debug|Win32.Build.0 = Debug|Win32
		{FCC1DB02-D66A-466D-A464-F153917B834E}.Release|Win32.ActiveCfg = Release|Win32
		{FCC1DB02-D66A-466D-A464-F153917B834E}.Release|Win32.Build.0 = Release|Win32
		{4F8D389E-3E76-47E5-A16F-3659063C7685}.Debug|Win32.ActiveCfg = Debug|Win32
		{4F8D389E-3E76-47E5-A16F-3659063C7685}.Debug|Win32.Build.0 = Debug|Win32
		{4F8D389E-3E76-47E5-A16F-3659063C7685}.Release|Win32.ActiveCfg = Release|Win32
		{4F8D389E-3E76-47E5-A16F-3659063C7685}.Release|Win32.Build.0 = Release|Win32
		{49060206-CA5E-49C0-BF48-4811505C00CC}.Debug|Win32.ActiveCfg = Debug|Win32
		{49060206-CA5E-49C0-BF48-4811505C00CC}.Debug|Win32.Build.0 = Debug|Win32
		{49060206-CA5E-49C0-BF48-4811505C00CC}.Release|Win32.ActiveCfg = Release|Win32
		{49060206-CA5E-49C0-BF48-4811505C00CC}.Release|Win32.Build.0 = Release|Win32
	EndGlobalSection
	GlobalSection(SolutionProperties) = preSolution
		HideSolutionNode = FALSE
	EndGlobalSection
EndGlobal
