
Microsoft Visual Studio Solution File, Format Version 12.00
# Visual Studio 2013
VisualStudioVersion = 12.0.30110.0
MinimumVisualStudioVersion = 10.0.40219.1
Project("{8BC9CEB8-8B4A-11D0-8D11-00A0C91BC942}") = "The_Skyline_Problem", "The_Skyline_Problem\The_Skyline_Problem.vcxproj", "{010AD998-7B69-4309-B4C5-DC1C6FD69F2C}"
EndProject
Project("{8BC9CEB8-8B4A-11D0-8D11-00A0C91BC942}") = "GoogleTest", "GoogleTest\GoogleTest.vcxproj", "{146A1C88-58E9-4019-9836-AA759D62904B}"
EndProject
Project("{8BC9CEB8-8B4A-11D0-8D11-00A0C91BC942}") = "The_Skyline_Problem_ULT", "The_Skyline_Problem_ULT\The_Skyline_Problem_ULT.vcxproj", "{409E55B4-29A3-4D4F-88EF-2F1E307D4288}"
EndProject
Global
	GlobalSection(SolutionConfigurationPlatforms) = preSolution
		Debug|Win32 = Debug|Win32
		Release|Win32 = Release|Win32
	EndGlobalSection
	GlobalSection(ProjectConfigurationPlatforms) = postSolution
		{010AD998-7B69-4309-B4C5-DC1C6FD69F2C}.Debug|Win32.ActiveCfg = Debug|Win32
		{010AD998-7B69-4309-B4C5-DC1C6FD69F2C}.Debug|Win32.Build.0 = Debug|Win32
		{010AD998-7B69-4309-B4C5-DC1C6FD69F2C}.Release|Win32.ActiveCfg = Release|Win32
		{010AD998-7B69-4309-B4C5-DC1C6FD69F2C}.Release|Win32.Build.0 = Release|Win32
		{146A1C88-58E9-4019-9836-AA759D62904B}.Debug|Win32.ActiveCfg = Debug|Win32
		{146A1C88-58E9-4019-9836-AA759D62904B}.Debug|Win32.Build.0 = Debug|Win32
		{146A1C88-58E9-4019-9836-AA759D62904B}.Release|Win32.ActiveCfg = Release|Win32
		{146A1C88-58E9-4019-9836-AA759D62904B}.Release|Win32.Build.0 = Release|Win32
		{409E55B4-29A3-4D4F-88EF-2F1E307D4288}.Debug|Win32.ActiveCfg = Debug|Win32
		{409E55B4-29A3-4D4F-88EF-2F1E307D4288}.Debug|Win32.Build.0 = Debug|Win32
		{409E55B4-29A3-4D4F-88EF-2F1E307D4288}.Release|Win32.ActiveCfg = Release|Win32
		{409E55B4-29A3-4D4F-88EF-2F1E307D4288}.Release|Win32.Build.0 = Release|Win32
	EndGlobalSection
	GlobalSection(SolutionProperties) = preSolution
		HideSolutionNode = FALSE
	EndGlobalSection
EndGlobal
