
Microsoft Visual Studio Solution File, Format Version 12.00
# Visual Studio 2013
VisualStudioVersion = 12.0.30110.0
MinimumVisualStudioVersion = 10.0.40219.1
Project("{8BC9CEB8-8B4A-11D0-8D11-00A0C91BC942}") = "3_Sum", "3_Sum\3_Sum.vcxproj", "{6B54D67E-FFF1-4238-A22E-F79C718B93E2}"
EndProject
Project("{8BC9CEB8-8B4A-11D0-8D11-00A0C91BC942}") = "GoogleTest", "GoogleTest\GoogleTest.vcxproj", "{901AAF0D-8F2C-4535-BED5-EA2A3C0672AE}"
EndProject
Project("{8BC9CEB8-8B4A-11D0-8D11-00A0C91BC942}") = "3_Sum_ULT", "3_Sum_ULT\3_Sum_ULT.vcxproj", "{C44E2333-26ED-46C8-B76A-7A412756BAF8}"
EndProject
Global
	GlobalSection(SolutionConfigurationPlatforms) = preSolution
		Debug|Win32 = Debug|Win32
		Release|Win32 = Release|Win32
	EndGlobalSection
	GlobalSection(ProjectConfigurationPlatforms) = postSolution
		{6B54D67E-FFF1-4238-A22E-F79C718B93E2}.Debug|Win32.ActiveCfg = Debug|Win32
		{6B54D67E-FFF1-4238-A22E-F79C718B93E2}.Debug|Win32.Build.0 = Debug|Win32
		{6B54D67E-FFF1-4238-A22E-F79C718B93E2}.Release|Win32.ActiveCfg = Release|Win32
		{6B54D67E-FFF1-4238-A22E-F79C718B93E2}.Release|Win32.Build.0 = Release|Win32
		{901AAF0D-8F2C-4535-BED5-EA2A3C0672AE}.Debug|Win32.ActiveCfg = Debug|Win32
		{901AAF0D-8F2C-4535-BED5-EA2A3C0672AE}.Debug|Win32.Build.0 = Debug|Win32
		{901AAF0D-8F2C-4535-BED5-EA2A3C0672AE}.Release|Win32.ActiveCfg = Release|Win32
		{901AAF0D-8F2C-4535-BED5-EA2A3C0672AE}.Release|Win32.Build.0 = Release|Win32
		{C44E2333-26ED-46C8-B76A-7A412756BAF8}.Debug|Win32.ActiveCfg = Debug|Win32
		{C44E2333-26ED-46C8-B76A-7A412756BAF8}.Debug|Win32.Build.0 = Debug|Win32
		{C44E2333-26ED-46C8-B76A-7A412756BAF8}.Release|Win32.ActiveCfg = Release|Win32
		{C44E2333-26ED-46C8-B76A-7A412756BAF8}.Release|Win32.Build.0 = Release|Win32
	EndGlobalSection
	GlobalSection(SolutionProperties) = preSolution
		HideSolutionNode = FALSE
	EndGlobalSection
EndGlobal
