
Microsoft Visual Studio Solution File, Format Version 12.00
# Visual Studio 2013
VisualStudioVersion = 12.0.30110.0
MinimumVisualStudioVersion = 10.0.40219.1
Project("{8BC9CEB8-8B4A-11D0-8D11-00A0C91BC942}") = "Recover_Binary_Search_Tree", "Recover_Binary_Search_Tree\Recover_Binary_Search_Tree.vcxproj", "{3F00949B-254A-44A1-A5DE-2389542DB5C2}"
EndProject
Project("{8BC9CEB8-8B4A-11D0-8D11-00A0C91BC942}") = "GoogleTest", "GoogleTest\GoogleTest.vcxproj", "{0556EE9E-6A3F-438E-B032-996CC1649FB5}"
EndProject
Project("{8BC9CEB8-8B4A-11D0-8D11-00A0C91BC942}") = "Recover_Binary_Search_Tree_ULT", "Recover_Binary_Search_Tree_ULT\Recover_Binary_Search_Tree_ULT.vcxproj", "{7D7120C5-6E27-4D63-8D71-F0B8F5393DCC}"
EndProject
Global
	GlobalSection(SolutionConfigurationPlatforms) = preSolution
		Debug|Win32 = Debug|Win32
		Release|Win32 = Release|Win32
	EndGlobalSection
	GlobalSection(ProjectConfigurationPlatforms) = postSolution
		{3F00949B-254A-44A1-A5DE-2389542DB5C2}.Debug|Win32.ActiveCfg = Debug|Win32
		{3F00949B-254A-44A1-A5DE-2389542DB5C2}.Debug|Win32.Build.0 = Debug|Win32
		{3F00949B-254A-44A1-A5DE-2389542DB5C2}.Release|Win32.ActiveCfg = Release|Win32
		{3F00949B-254A-44A1-A5DE-2389542DB5C2}.Release|Win32.Build.0 = Release|Win32
		{0556EE9E-6A3F-438E-B032-996CC1649FB5}.Debug|Win32.ActiveCfg = Debug|Win32
		{0556EE9E-6A3F-438E-B032-996CC1649FB5}.Debug|Win32.Build.0 = Debug|Win32
		{0556EE9E-6A3F-438E-B032-996CC1649FB5}.Release|Win32.ActiveCfg = Release|Win32
		{0556EE9E-6A3F-438E-B032-996CC1649FB5}.Release|Win32.Build.0 = Release|Win32
		{7D7120C5-6E27-4D63-8D71-F0B8F5393DCC}.Debug|Win32.ActiveCfg = Debug|Win32
		{7D7120C5-6E27-4D63-8D71-F0B8F5393DCC}.Debug|Win32.Build.0 = Debug|Win32
		{7D7120C5-6E27-4D63-8D71-F0B8F5393DCC}.Release|Win32.ActiveCfg = Release|Win32
		{7D7120C5-6E27-4D63-8D71-F0B8F5393DCC}.Release|Win32.Build.0 = Release|Win32
	EndGlobalSection
	GlobalSection(SolutionProperties) = preSolution
		HideSolutionNode = FALSE
	EndGlobalSection
EndGlobal
