
Microsoft Visual Studio Solution File, Format Version 12.00
# Visual Studio 2013
VisualStudioVersion = 12.0.30110.0
MinimumVisualStudioVersion = 10.0.40219.1
Project("{8BC9CEB8-8B4A-11D0-8D11-00A0C91BC942}") = "Gray_Code", "Gray_Code\Gray_Code.vcxproj", "{FAF5BDEA-CBEE-4EED-93C2-D6401FDC1445}"
EndProject
Project("{8BC9CEB8-8B4A-11D0-8D11-00A0C91BC942}") = "GoogleTest", "GoogleTest\GoogleTest.vcxproj", "{24FF086A-60CC-4A3D-B8C1-F19631408B80}"
EndProject
Project("{8BC9CEB8-8B4A-11D0-8D11-00A0C91BC942}") = "Gray_Code_ULT", "Gray_Code_ULT\Gray_Code_ULT.vcxproj", "{C4F30800-DCED-42AE-B180-0436B524F82F}"
EndProject
Global
	GlobalSection(SolutionConfigurationPlatforms) = preSolution
		Debug|Win32 = Debug|Win32
		Release|Win32 = Release|Win32
	EndGlobalSection
	GlobalSection(ProjectConfigurationPlatforms) = postSolution
		{FAF5BDEA-CBEE-4EED-93C2-D6401FDC1445}.Debug|Win32.ActiveCfg = Debug|Win32
		{FAF5BDEA-CBEE-4EED-93C2-D6401FDC1445}.Debug|Win32.Build.0 = Debug|Win32
		{FAF5BDEA-CBEE-4EED-93C2-D6401FDC1445}.Release|Win32.ActiveCfg = Release|Win32
		{FAF5BDEA-CBEE-4EED-93C2-D6401FDC1445}.Release|Win32.Build.0 = Release|Win32
		{24FF086A-60CC-4A3D-B8C1-F19631408B80}.Debug|Win32.ActiveCfg = Debug|Win32
		{24FF086A-60CC-4A3D-B8C1-F19631408B80}.Debug|Win32.Build.0 = Debug|Win32
		{24FF086A-60CC-4A3D-B8C1-F19631408B80}.Release|Win32.ActiveCfg = Release|Win32
		{24FF086A-60CC-4A3D-B8C1-F19631408B80}.Release|Win32.Build.0 = Release|Win32
		{C4F30800-DCED-42AE-B180-0436B524F82F}.Debug|Win32.ActiveCfg = Debug|Win32
		{C4F30800-DCED-42AE-B180-0436B524F82F}.Debug|Win32.Build.0 = Debug|Win32
		{C4F30800-DCED-42AE-B180-0436B524F82F}.Release|Win32.ActiveCfg = Release|Win32
		{C4F30800-DCED-42AE-B180-0436B524F82F}.Release|Win32.Build.0 = Release|Win32
	EndGlobalSection
	GlobalSection(SolutionProperties) = preSolution
		HideSolutionNode = FALSE
	EndGlobalSection
EndGlobal
