
Microsoft Visual Studio Solution File, Format Version 12.00
# Visual Studio 2013
VisualStudioVersion = 12.0.30110.0
MinimumVisualStudioVersion = 10.0.40219.1
Project("{8BC9CEB8-8B4A-11D0-8D11-00A0C91BC942}") = "4Sum", "4Sum\4Sum.vcxproj", "{E83DE7B1-CAB2-46AB-A6E6-207BE2D1A421}"
EndProject
Project("{8BC9CEB8-8B4A-11D0-8D11-00A0C91BC942}") = "GoogleTest", "GoogleTest\GoogleTest.vcxproj", "{180AE52D-8E2C-4A92-BF7A-7C1D53EF2FFE}"
EndProject
Project("{8BC9CEB8-8B4A-11D0-8D11-00A0C91BC942}") = "4Sum_ULT", "4Sum_ULT\4Sum_ULT.vcxproj", "{1FAE2DDE-7EE5-47E8-B9DD-DD0A46324685}"
EndProject
Global
	GlobalSection(SolutionConfigurationPlatforms) = preSolution
		Debug|Win32 = Debug|Win32
		Release|Win32 = Release|Win32
	EndGlobalSection
	GlobalSection(ProjectConfigurationPlatforms) = postSolution
		{E83DE7B1-CAB2-46AB-A6E6-207BE2D1A421}.Debug|Win32.ActiveCfg = Debug|Win32
		{E83DE7B1-CAB2-46AB-A6E6-207BE2D1A421}.Debug|Win32.Build.0 = Debug|Win32
		{E83DE7B1-CAB2-46AB-A6E6-207BE2D1A421}.Release|Win32.ActiveCfg = Release|Win32
		{E83DE7B1-CAB2-46AB-A6E6-207BE2D1A421}.Release|Win32.Build.0 = Release|Win32
		{180AE52D-8E2C-4A92-BF7A-7C1D53EF2FFE}.Debug|Win32.ActiveCfg = Debug|Win32
		{180AE52D-8E2C-4A92-BF7A-7C1D53EF2FFE}.Debug|Win32.Build.0 = Debug|Win32
		{180AE52D-8E2C-4A92-BF7A-7C1D53EF2FFE}.Release|Win32.ActiveCfg = Release|Win32
		{180AE52D-8E2C-4A92-BF7A-7C1D53EF2FFE}.Release|Win32.Build.0 = Release|Win32
		{1FAE2DDE-7EE5-47E8-B9DD-DD0A46324685}.Debug|Win32.ActiveCfg = Debug|Win32
		{1FAE2DDE-7EE5-47E8-B9DD-DD0A46324685}.Debug|Win32.Build.0 = Debug|Win32
		{1FAE2DDE-7EE5-47E8-B9DD-DD0A46324685}.Release|Win32.ActiveCfg = Release|Win32
		{1FAE2DDE-7EE5-47E8-B9DD-DD0A46324685}.Release|Win32.Build.0 = Release|Win32
	EndGlobalSection
	GlobalSection(SolutionProperties) = preSolution
		HideSolutionNode = FALSE
	EndGlobalSection
EndGlobal
