
Microsoft Visual Studio Solution File, Format Version 12.00
# Visual Studio 2013
VisualStudioVersion = 12.0.30110.0
MinimumVisualStudioVersion = 10.0.40219.1
Project("{8BC9CEB8-8B4A-11D0-8D11-00A0C91BC942}") = "Contains_Duplicate_III", "Contains_Duplicate_III\Contains_Duplicate_III.vcxproj", "{228B31A9-BC24-456D-AC61-AC17F45BA24B}"
EndProject
Project("{8BC9CEB8-8B4A-11D0-8D11-00A0C91BC942}") = "GoogleTest", "GoogleTest\GoogleTest.vcxproj", "{16CA86A8-CC90-4A41-A3DA-47F2767F5C2D}"
EndProject
Project("{8BC9CEB8-8B4A-11D0-8D11-00A0C91BC942}") = "Contains_Duplicate_III_ULT", "Contains_Duplicate_III_ULT\Contains_Duplicate_III_ULT.vcxproj", "{70AD3FF4-B94E-43D8-B707-7A41E3188BDD}"
EndProject
Global
	GlobalSection(SolutionConfigurationPlatforms) = preSolution
		Debug|Win32 = Debug|Win32
		Release|Win32 = Release|Win32
	EndGlobalSection
	GlobalSection(ProjectConfigurationPlatforms) = postSolution
		{228B31A9-BC24-456D-AC61-AC17F45BA24B}.Debug|Win32.ActiveCfg = Debug|Win32
		{228B31A9-BC24-456D-AC61-AC17F45BA24B}.Debug|Win32.Build.0 = Debug|Win32
		{228B31A9-BC24-456D-AC61-AC17F45BA24B}.Release|Win32.ActiveCfg = Release|Win32
		{228B31A9-BC24-456D-AC61-AC17F45BA24B}.Release|Win32.Build.0 = Release|Win32
		{16CA86A8-CC90-4A41-A3DA-47F2767F5C2D}.Debug|Win32.ActiveCfg = Debug|Win32
		{16CA86A8-CC90-4A41-A3DA-47F2767F5C2D}.Debug|Win32.Build.0 = Debug|Win32
		{16CA86A8-CC90-4A41-A3DA-47F2767F5C2D}.Release|Win32.ActiveCfg = Release|Win32
		{16CA86A8-CC90-4A41-A3DA-47F2767F5C2D}.Release|Win32.Build.0 = Release|Win32
		{70AD3FF4-B94E-43D8-B707-7A41E3188BDD}.Debug|Win32.ActiveCfg = Debug|Win32
		{70AD3FF4-B94E-43D8-B707-7A41E3188BDD}.Debug|Win32.Build.0 = Debug|Win32
		{70AD3FF4-B94E-43D8-B707-7A41E3188BDD}.Release|Win32.ActiveCfg = Release|Win32
		{70AD3FF4-B94E-43D8-B707-7A41E3188BDD}.Release|Win32.Build.0 = Release|Win32
	EndGlobalSection
	GlobalSection(SolutionProperties) = preSolution
		HideSolutionNode = FALSE
	EndGlobalSection
EndGlobal
