
Microsoft Visual Studio Solution File, Format Version 12.00
# Visual Studio 2013
VisualStudioVersion = 12.0.30110.0
MinimumVisualStudioVersion = 10.0.40219.1
Project("{8BC9CEB8-8B4A-11D0-8D11-00A0C91BC942}") = "3Sum_Closest", "3Sum_Closest\3Sum_Closest.vcxproj", "{E951A248-EFFF-4AC6-930C-E9E218E32CF2}"
EndProject
Global
	GlobalSection(SolutionConfigurationPlatforms) = preSolution
		Debug|Win32 = Debug|Win32
		Release|Win32 = Release|Win32
	EndGlobalSection
	GlobalSection(ProjectConfigurationPlatforms) = postSolution
		{E951A248-EFFF-4AC6-930C-E9E218E32CF2}.Debug|Win32.ActiveCfg = Debug|Win32
		{E951A248-EFFF-4AC6-930C-E9E218E32CF2}.Debug|Win32.Build.0 = Debug|Win32
		{E951A248-EFFF-4AC6-930C-E9E218E32CF2}.Release|Win32.ActiveCfg = Release|Win32
		{E951A248-EFFF-4AC6-930C-E9E218E32CF2}.Release|Win32.Build.0 = Release|Win32
	EndGlobalSection
	GlobalSection(SolutionProperties) = preSolution
		HideSolutionNode = FALSE
	EndGlobalSection
EndGlobal
