
Microsoft Visual Studio Solution File, Format Version 12.00
# Visual Studio 2013
VisualStudioVersion = 12.0.30110.0
MinimumVisualStudioVersion = 10.0.40219.1
Project("{8BC9CEB8-8B4A-11D0-8D11-00A0C91BC942}") = "Word_Search", "Word_Search\Word_Search.vcxproj", "{31024B90-3E0D-441A-BC06-B0E4A3485EC4}"
EndProject
Project("{8BC9CEB8-8B4A-11D0-8D11-00A0C91BC942}") = "GoogleTest", "GoogleTest\GoogleTest.vcxproj", "{F5B019A6-AFF0-4553-BF07-81D0C8164D2F}"
EndProject
Project("{8BC9CEB8-8B4A-11D0-8D11-00A0C91BC942}") = "Word_Search_ULT", "Word_Search_ULT\Word_Search_ULT.vcxproj", "{61342F8A-DB57-4525-A865-7AB69210D9B2}"
EndProject
Global
	GlobalSection(SolutionConfigurationPlatforms) = preSolution
		Debug|Win32 = Debug|Win32
		Release|Win32 = Release|Win32
	EndGlobalSection
	GlobalSection(ProjectConfigurationPlatforms) = postSolution
		{31024B90-3E0D-441A-BC06-B0E4A3485EC4}.Debug|Win32.ActiveCfg = Debug|Win32
		{31024B90-3E0D-441A-BC06-B0E4A3485EC4}.Debug|Win32.Build.0 = Debug|Win32
		{31024B90-3E0D-441A-BC06-B0E4A3485EC4}.Release|Win32.ActiveCfg = Release|Win32
		{31024B90-3E0D-441A-BC06-B0E4A3485EC4}.Release|Win32.Build.0 = Release|Win32
		{F5B019A6-AFF0-4553-BF07-81D0C8164D2F}.Debug|Win32.ActiveCfg = Debug|Win32
		{F5B019A6-AFF0-4553-BF07-81D0C8164D2F}.Debug|Win32.Build.0 = Debug|Win32
		{F5B019A6-AFF0-4553-BF07-81D0C8164D2F}.Release|Win32.ActiveCfg = Release|Win32
		{F5B019A6-AFF0-4553-BF07-81D0C8164D2F}.Release|Win32.Build.0 = Release|Win32
		{61342F8A-DB57-4525-A865-7AB69210D9B2}.Debug|Win32.ActiveCfg = Debug|Win32
		{61342F8A-DB57-4525-A865-7AB69210D9B2}.Debug|Win32.Build.0 = Debug|Win32
		{61342F8A-DB57-4525-A865-7AB69210D9B2}.Release|Win32.ActiveCfg = Release|Win32
		{61342F8A-DB57-4525-A865-7AB69210D9B2}.Release|Win32.Build.0 = Release|Win32
	EndGlobalSection
	GlobalSection(SolutionProperties) = preSolution
		HideSolutionNode = FALSE
	EndGlobalSection
EndGlobal
