
Microsoft Visual Studio Solution File, Format Version 12.00
# Visual Studio 2013
VisualStudioVersion = 12.0.30110.0
MinimumVisualStudioVersion = 10.0.40219.1
Project("{8BC9CEB8-8B4A-11D0-8D11-00A0C91BC942}") = "Wildcard_Matching", "Wildcard_Matching\Wildcard_Matching.vcxproj", "{5813329A-329D-41AA-B36F-8DF740FD250F}"
EndProject
Project("{8BC9CEB8-8B4A-11D0-8D11-00A0C91BC942}") = "GoogleTest", "GoogleTest\GoogleTest.vcxproj", "{AF1297C5-77EF-4A6E-A9EB-7BB826429087}"
EndProject
Project("{8BC9CEB8-8B4A-11D0-8D11-00A0C91BC942}") = "Wildcard_Matching_ULT", "Wildcard_Matching_ULT\Wildcard_Matching_ULT.vcxproj", "{6920C32E-22D7-45A6-966D-158DEE737894}"
EndProject
Global
	GlobalSection(SolutionConfigurationPlatforms) = preSolution
		Debug|Win32 = Debug|Win32
		Release|Win32 = Release|Win32
	EndGlobalSection
	GlobalSection(ProjectConfigurationPlatforms) = postSolution
		{5813329A-329D-41AA-B36F-8DF740FD250F}.Debug|Win32.ActiveCfg = Debug|Win32
		{5813329A-329D-41AA-B36F-8DF740FD250F}.Debug|Win32.Build.0 = Debug|Win32
		{5813329A-329D-41AA-B36F-8DF740FD250F}.Release|Win32.ActiveCfg = Release|Win32
		{5813329A-329D-41AA-B36F-8DF740FD250F}.Release|Win32.Build.0 = Release|Win32
		{AF1297C5-77EF-4A6E-A9EB-7BB826429087}.Debug|Win32.ActiveCfg = Debug|Win32
		{AF1297C5-77EF-4A6E-A9EB-7BB826429087}.Debug|Win32.Build.0 = Debug|Win32
		{AF1297C5-77EF-4A6E-A9EB-7BB826429087}.Release|Win32.ActiveCfg = Release|Win32
		{AF1297C5-77EF-4A6E-A9EB-7BB826429087}.Release|Win32.Build.0 = Release|Win32
		{6920C32E-22D7-45A6-966D-158DEE737894}.Debug|Win32.ActiveCfg = Debug|Win32
		{6920C32E-22D7-45A6-966D-158DEE737894}.Debug|Win32.Build.0 = Debug|Win32
		{6920C32E-22D7-45A6-966D-158DEE737894}.Release|Win32.ActiveCfg = Release|Win32
		{6920C32E-22D7-45A6-966D-158DEE737894}.Release|Win32.Build.0 = Release|Win32
	EndGlobalSection
	GlobalSection(SolutionProperties) = preSolution
		HideSolutionNode = FALSE
	EndGlobalSection
EndGlobal
