
Microsoft Visual Studio Solution File, Format Version 12.00
# Visual Studio 2013
VisualStudioVersion = 12.0.30110.0
MinimumVisualStudioVersion = 10.0.40219.1
Project("{8BC9CEB8-8B4A-11D0-8D11-00A0C91BC942}") = "Evaluate_Reverse_Polish_Notation", "Evaluate_Reverse_Polish_Notation\Evaluate_Reverse_Polish_Notation.vcxproj", "{20F2BF45-3143-4907-A5C7-B89D77EC3A54}"
EndProject
Project("{8BC9CEB8-8B4A-11D0-8D11-00A0C91BC942}") = "GoogleTest", "GoogleTest\GoogleTest.vcxproj", "{1EEA71E2-16F6-48A9-941A-5C46C73BB761}"
EndProject
Project("{8BC9CEB8-8B4A-11D0-8D11-00A0C91BC942}") = "Evaluate_Reverse_Polish_Notation_ULT", "Evaluate_Reverse_Polish_Notation_ULT\Evaluate_Reverse_Polish_Notation_ULT.vcxproj", "{0FA17BF3-0441-42A2-9429-2C2F4EFE04F2}"
EndProject
Global
	GlobalSection(SolutionConfigurationPlatforms) = preSolution
		Debug|Win32 = Debug|Win32
		Release|Win32 = Release|Win32
	EndGlobalSection
	GlobalSection(ProjectConfigurationPlatforms) = postSolution
		{20F2BF45-3143-4907-A5C7-B89D77EC3A54}.Debug|Win32.ActiveCfg = Debug|Win32
		{20F2BF45-3143-4907-A5C7-B89D77EC3A54}.Debug|Win32.Build.0 = Debug|Win32
		{20F2BF45-3143-4907-A5C7-B89D77EC3A54}.Release|Win32.ActiveCfg = Release|Win32
		{20F2BF45-3143-4907-A5C7-B89D77EC3A54}.Release|Win32.Build.0 = Release|Win32
		{1EEA71E2-16F6-48A9-941A-5C46C73BB761}.Debug|Win32.ActiveCfg = Debug|Win32
		{1EEA71E2-16F6-48A9-941A-5C46C73BB761}.Debug|Win32.Build.0 = Debug|Win32
		{1EEA71E2-16F6-48A9-941A-5C46C73BB761}.Release|Win32.ActiveCfg = Release|Win32
		{1EEA71E2-16F6-48A9-941A-5C46C73BB761}.Release|Win32.Build.0 = Release|Win32
		{0FA17BF3-0441-42A2-9429-2C2F4EFE04F2}.Debug|Win32.ActiveCfg = Debug|Win32
		{0FA17BF3-0441-42A2-9429-2C2F4EFE04F2}.Debug|Win32.Build.0 = Debug|Win32
		{0FA17BF3-0441-42A2-9429-2C2F4EFE04F2}.Release|Win32.ActiveCfg = Release|Win32
		{0FA17BF3-0441-42A2-9429-2C2F4EFE04F2}.Release|Win32.Build.0 = Release|Win32
	EndGlobalSection
	GlobalSection(SolutionProperties) = preSolution
		HideSolutionNode = FALSE
	EndGlobalSection
EndGlobal
