
Microsoft Visual Studio Solution File, Format Version 12.00
# Visual Studio 2013
VisualStudioVersion = 12.0.30110.0
MinimumVisualStudioVersion = 10.0.40219.1
Project("{8BC9CEB8-8B4A-11D0-8D11-00A0C91BC942}") = "Number_of_Islands", "Number_of_Islands\Number_of_Islands.vcxproj", "{3F759D3C-A908-4CF6-B570-C01197E1543F}"
EndProject
Project("{8BC9CEB8-8B4A-11D0-8D11-00A0C91BC942}") = "GoogleTest", "GoogleTest\GoogleTest.vcxproj", "{E0606E64-8DDE-4127-8BE1-73943437B0B0}"
EndProject
Project("{8BC9CEB8-8B4A-11D0-8D11-00A0C91BC942}") = "Number_of_Islands_ULT", "Number_of_Islands_ULT\Number_of_Islands_ULT.vcxproj", "{283FB4C8-56FB-4E28-80DC-3ADAF6D8F979}"
EndProject
Global
	GlobalSection(SolutionConfigurationPlatforms) = preSolution
		Debug|Win32 = Debug|Win32
		Release|Win32 = Release|Win32
	EndGlobalSection
	GlobalSection(ProjectConfigurationPlatforms) = postSolution
		{3F759D3C-A908-4CF6-B570-C01197E1543F}.Debug|Win32.ActiveCfg = Debug|Win32
		{3F759D3C-A908-4CF6-B570-C01197E1543F}.Debug|Win32.Build.0 = Debug|Win32
		{3F759D3C-A908-4CF6-B570-C01197E1543F}.Release|Win32.ActiveCfg = Release|Win32
		{3F759D3C-A908-4CF6-B570-C01197E1543F}.Release|Win32.Build.0 = Release|Win32
		{E0606E64-8DDE-4127-8BE1-73943437B0B0}.Debug|Win32.ActiveCfg = Debug|Win32
		{E0606E64-8DDE-4127-8BE1-73943437B0B0}.Debug|Win32.Build.0 = Debug|Win32
		{E0606E64-8DDE-4127-8BE1-73943437B0B0}.Release|Win32.ActiveCfg = Release|Win32
		{E0606E64-8DDE-4127-8BE1-73943437B0B0}.Release|Win32.Build.0 = Release|Win32
		{283FB4C8-56FB-4E28-80DC-3ADAF6D8F979}.Debug|Win32.ActiveCfg = Debug|Win32
		{283FB4C8-56FB-4E28-80DC-3ADAF6D8F979}.Debug|Win32.Build.0 = Debug|Win32
		{283FB4C8-56FB-4E28-80DC-3ADAF6D8F979}.Release|Win32.ActiveCfg = Release|Win32
		{283FB4C8-56FB-4E28-80DC-3ADAF6D8F979}.Release|Win32.Build.0 = Release|Win32
	EndGlobalSection
	GlobalSection(SolutionProperties) = preSolution
		HideSolutionNode = FALSE
	EndGlobalSection
EndGlobal
