
Microsoft Visual Studio Solution File, Format Version 12.00
# Visual Studio 2013
VisualStudioVersion = 12.0.30110.0
MinimumVisualStudioVersion = 10.0.40219.1
Project("{8BC9CEB8-8B4A-11D0-8D11-00A0C91BC942}") = "Find_Minimum_in_Rotated_Sorted_Array", "Find_Minimum_in_Rotated_Sorted_Array\Find_Minimum_in_Rotated_Sorted_Array.vcxproj", "{D9187E38-8B24-4F30-A4FB-FA4F0A19E3F1}"
EndProject
Global
	GlobalSection(SolutionConfigurationPlatforms) = preSolution
		Debug|Win32 = Debug|Win32
		Release|Win32 = Release|Win32
	EndGlobalSection
	GlobalSection(ProjectConfigurationPlatforms) = postSolution
		{D9187E38-8B24-4F30-A4FB-FA4F0A19E3F1}.Debug|Win32.ActiveCfg = Debug|Win32
		{D9187E38-8B24-4F30-A4FB-FA4F0A19E3F1}.Debug|Win32.Build.0 = Debug|Win32
		{D9187E38-8B24-4F30-A4FB-FA4F0A19E3F1}.Release|Win32.ActiveCfg = Release|Win32
		{D9187E38-8B24-4F30-A4FB-FA4F0A19E3F1}.Release|Win32.Build.0 = Release|Win32
	EndGlobalSection
	GlobalSection(SolutionProperties) = preSolution
		HideSolutionNode = FALSE
	EndGlobalSection
EndGlobal
