
Microsoft Visual Studio Solution File, Format Version 12.00
# Visual Studio 2013
VisualStudioVersion = 12.0.30110.0
MinimumVisualStudioVersion = 10.0.40219.1
Project("{8BC9CEB8-8B4A-11D0-8D11-00A0C91BC942}") = "Maximum_Subarray", "Maximum_Subarray\Maximum_Subarray.vcxproj", "{52291BCE-42C1-4286-A77B-D15740916176}"
EndProject
Project("{8BC9CEB8-8B4A-11D0-8D11-00A0C91BC942}") = "GoogleTest", "GoogleTest\GoogleTest.vcxproj", "{74499DAF-B24D-4731-A8CB-163AA0534149}"
EndProject
Project("{8BC9CEB8-8B4A-11D0-8D11-00A0C91BC942}") = "Maximum_Subarray_ULT", "Maximum_Subarray_ULT\Maximum_Subarray_ULT.vcxproj", "{730A7BD9-ABD5-415A-BC22-8D5C4DFF8C80}"
EndProject
Global
	GlobalSection(SolutionConfigurationPlatforms) = preSolution
		Debug|Win32 = Debug|Win32
		Release|Win32 = Release|Win32
	EndGlobalSection
	GlobalSection(ProjectConfigurationPlatforms) = postSolution
		{52291BCE-42C1-4286-A77B-D15740916176}.Debug|Win32.ActiveCfg = Debug|Win32
		{52291BCE-42C1-4286-A77B-D15740916176}.Debug|Win32.Build.0 = Debug|Win32
		{52291BCE-42C1-4286-A77B-D15740916176}.Release|Win32.ActiveCfg = Release|Win32
		{52291BCE-42C1-4286-A77B-D15740916176}.Release|Win32.Build.0 = Release|Win32
		{74499DAF-B24D-4731-A8CB-163AA0534149}.Debug|Win32.ActiveCfg = Debug|Win32
		{74499DAF-B24D-4731-A8CB-163AA0534149}.Debug|Win32.Build.0 = Debug|Win32
		{74499DAF-B24D-4731-A8CB-163AA0534149}.Release|Win32.ActiveCfg = Release|Win32
		{74499DAF-B24D-4731-A8CB-163AA0534149}.Release|Win32.Build.0 = Release|Win32
		{730A7BD9-ABD5-415A-BC22-8D5C4DFF8C80}.Debug|Win32.ActiveCfg = Debug|Win32
		{730A7BD9-ABD5-415A-BC22-8D5C4DFF8C80}.Debug|Win32.Build.0 = Debug|Win32
		{730A7BD9-ABD5-415A-BC22-8D5C4DFF8C80}.Release|Win32.ActiveCfg = Release|Win32
		{730A7BD9-ABD5-415A-BC22-8D5C4DFF8C80}.Release|Win32.Build.0 = Release|Win32
	EndGlobalSection
	GlobalSection(SolutionProperties) = preSolution
		HideSolutionNode = FALSE
	EndGlobalSection
EndGlobal
