
Microsoft Visual Studio Solution File, Format Version 12.00
# Visual Studio 2013
VisualStudioVersion = 12.0.30110.0
MinimumVisualStudioVersion = 10.0.40219.1
Project("{8BC9CEB8-8B4A-11D0-8D11-00A0C91BC942}") = "Binary_Tree_Postorder_Traversal", "Binary_Tree_Postorder_Traversal\Binary_Tree_Postorder_Traversal.vcxproj", "{C7BC549D-C783-441D-9C13-2C7FDAA84D8A}"
EndProject
Project("{8BC9CEB8-8B4A-11D0-8D11-00A0C91BC942}") = "GoogleTest", "GoogleTest\GoogleTest.vcxproj", "{C08F10F2-E7CC-483A-8D8C-6425825266E3}"
EndProject
Project("{8BC9CEB8-8B4A-11D0-8D11-00A0C91BC942}") = "Binary_Tree_Postorder_Traversal_ULT", "Binary_Tree_Postorder_Traversal_ULT\Binary_Tree_Postorder_Traversal_ULT.vcxproj", "{D9A99F7C-336C-4D2D-94F0-923E6C7B6A03}"
EndProject
Global
	GlobalSection(SolutionConfigurationPlatforms) = preSolution
		Debug|Win32 = Debug|Win32
		Release|Win32 = Release|Win32
	EndGlobalSection
	GlobalSection(ProjectConfigurationPlatforms) = postSolution
		{C7BC549D-C783-441D-9C13-2C7FDAA84D8A}.Debug|Win32.ActiveCfg = Debug|Win32
		{C7BC549D-C783-441D-9C13-2C7FDAA84D8A}.Debug|Win32.Build.0 = Debug|Win32
		{C7BC549D-C783-441D-9C13-2C7FDAA84D8A}.Release|Win32.ActiveCfg = Release|Win32
		{C7BC549D-C783-441D-9C13-2C7FDAA84D8A}.Release|Win32.Build.0 = Release|Win32
		{C08F10F2-E7CC-483A-8D8C-6425825266E3}.Debug|Win32.ActiveCfg = Debug|Win32
		{C08F10F2-E7CC-483A-8D8C-6425825266E3}.Debug|Win32.Build.0 = Debug|Win32
		{C08F10F2-E7CC-483A-8D8C-6425825266E3}.Release|Win32.ActiveCfg = Release|Win32
		{C08F10F2-E7CC-483A-8D8C-6425825266E3}.Release|Win32.Build.0 = Release|Win32
		{D9A99F7C-336C-4D2D-94F0-923E6C7B6A03}.Debug|Win32.ActiveCfg = Debug|Win32
		{D9A99F7C-336C-4D2D-94F0-923E6C7B6A03}.Debug|Win32.Build.0 = Debug|Win32
		{D9A99F7C-336C-4D2D-94F0-923E6C7B6A03}.Release|Win32.ActiveCfg = Release|Win32
		{D9A99F7C-336C-4D2D-94F0-923E6C7B6A03}.Release|Win32.Build.0 = Release|Win32
	EndGlobalSection
	GlobalSection(SolutionProperties) = preSolution
		HideSolutionNode = FALSE
	EndGlobalSection
EndGlobal
