
Microsoft Visual Studio Solution File, Format Version 12.00
# Visual Studio 2013
VisualStudioVersion = 12.0.30110.0
MinimumVisualStudioVersion = 10.0.40219.1
Project("{8BC9CEB8-8B4A-11D0-8D11-00A0C91BC942}") = "Search_Insert_Position", "Search_Insert_Position\Search_Insert_Position.vcxproj", "{1D2D17F4-1F0E-43E8-8083-6656F1312BDC}"
EndProject
Global
	GlobalSection(SolutionConfigurationPlatforms) = preSolution
		Debug|Win32 = Debug|Win32
		Release|Win32 = Release|Win32
	EndGlobalSection
	GlobalSection(ProjectConfigurationPlatforms) = postSolution
		{1D2D17F4-1F0E-43E8-8083-6656F1312BDC}.Debug|Win32.ActiveCfg = Debug|Win32
		{1D2D17F4-1F0E-43E8-8083-6656F1312BDC}.Debug|Win32.Build.0 = Debug|Win32
		{1D2D17F4-1F0E-43E8-8083-6656F1312BDC}.Release|Win32.ActiveCfg = Release|Win32
		{1D2D17F4-1F0E-43E8-8083-6656F1312BDC}.Release|Win32.Build.0 = Release|Win32
	EndGlobalSection
	GlobalSection(SolutionProperties) = preSolution
		HideSolutionNode = FALSE
	EndGlobalSection
EndGlobal
