
Microsoft Visual Studio Solution File, Format Version 12.00
# Visual Studio 2013
VisualStudioVersion = 12.0.30110.0
MinimumVisualStudioVersion = 10.0.40219.1
Project("{8BC9CEB8-8B4A-11D0-8D11-00A0C91BC942}") = "Divide_Two_Integers", "Divide_Two_Integers\Divide_Two_Integers.vcxproj", "{3F138F19-6EE3-4A38-82CA-497B73B425F5}"
EndProject
Project("{8BC9CEB8-8B4A-11D0-8D11-00A0C91BC942}") = "GoogleTest", "GoogleTest\GoogleTest.vcxproj", "{FBB2F6DE-9AC0-4014-B145-CB700F6CDD73}"
EndProject
Project("{8BC9CEB8-8B4A-11D0-8D11-00A0C91BC942}") = "Divide_Two_Integers_ULT", "Divide_Two_Integers_ULT\Divide_Two_Integers_ULT.vcxproj", "{431C035C-8F8E-4EBB-9691-4BCDC31977A2}"
EndProject
Global
	GlobalSection(SolutionConfigurationPlatforms) = preSolution
		Debug|Win32 = Debug|Win32
		Release|Win32 = Release|Win32
	EndGlobalSection
	GlobalSection(ProjectConfigurationPlatforms) = postSolution
		{3F138F19-6EE3-4A38-82CA-497B73B425F5}.Debug|Win32.ActiveCfg = Debug|Win32
		{3F138F19-6EE3-4A38-82CA-497B73B425F5}.Debug|Win32.Build.0 = Debug|Win32
		{3F138F19-6EE3-4A38-82CA-497B73B425F5}.Release|Win32.ActiveCfg = Release|Win32
		{3F138F19-6EE3-4A38-82CA-497B73B425F5}.Release|Win32.Build.0 = Release|Win32
		{FBB2F6DE-9AC0-4014-B145-CB700F6CDD73}.Debug|Win32.ActiveCfg = Debug|Win32
		{FBB2F6DE-9AC0-4014-B145-CB700F6CDD73}.Debug|Win32.Build.0 = Debug|Win32
		{FBB2F6DE-9AC0-4014-B145-CB700F6CDD73}.Release|Win32.ActiveCfg = Release|Win32
		{FBB2F6DE-9AC0-4014-B145-CB700F6CDD73}.Release|Win32.Build.0 = Release|Win32
		{431C035C-8F8E-4EBB-9691-4BCDC31977A2}.Debug|Win32.ActiveCfg = Debug|Win32
		{431C035C-8F8E-4EBB-9691-4BCDC31977A2}.Debug|Win32.Build.0 = Debug|Win32
		{431C035C-8F8E-4EBB-9691-4BCDC31977A2}.Release|Win32.ActiveCfg = Release|Win32
		{431C035C-8F8E-4EBB-9691-4BCDC31977A2}.Release|Win32.Build.0 = Release|Win32
	EndGlobalSection
	GlobalSection(SolutionProperties) = preSolution
		HideSolutionNode = FALSE
	EndGlobalSection
EndGlobal
