
Microsoft Visual Studio Solution File, Format Version 12.00
# Visual Studio 2013
VisualStudioVersion = 12.0.30110.0
MinimumVisualStudioVersion = 10.0.40219.1
Project("{8BC9CEB8-8B4A-11D0-8D11-00A0C91BC942}") = "Set_Matrix_Zeroes", "Set_Matrix_Zeroes\Set_Matrix_Zeroes.vcxproj", "{82DBE9C9-87CD-476A-A524-D397E4A1C0EA}"
EndProject
Project("{8BC9CEB8-8B4A-11D0-8D11-00A0C91BC942}") = "GoogleTest", "GoogleTest\GoogleTest.vcxproj", "{CDC6D047-F876-486B-B08F-DBF414AFC25D}"
EndProject
Project("{8BC9CEB8-8B4A-11D0-8D11-00A0C91BC942}") = "Set_Matrix_Zeros_ULT", "Set_Matrix_Zeros_ULT\Set_Matrix_Zeros_ULT.vcxproj", "{E4D7A84F-4BFC-4BCA-A974-3BAA2CFF0842}"
EndProject
Global
	GlobalSection(SolutionConfigurationPlatforms) = preSolution
		Debug|Win32 = Debug|Win32
		Release|Win32 = Release|Win32
	EndGlobalSection
	GlobalSection(ProjectConfigurationPlatforms) = postSolution
		{82DBE9C9-87CD-476A-A524-D397E4A1C0EA}.Debug|Win32.ActiveCfg = Debug|Win32
		{82DBE9C9-87CD-476A-A524-D397E4A1C0EA}.Debug|Win32.Build.0 = Debug|Win32
		{82DBE9C9-87CD-476A-A524-D397E4A1C0EA}.Release|Win32.ActiveCfg = Release|Win32
		{82DBE9C9-87CD-476A-A524-D397E4A1C0EA}.Release|Win32.Build.0 = Release|Win32
		{CDC6D047-F876-486B-B08F-DBF414AFC25D}.Debug|Win32.ActiveCfg = Debug|Win32
		{CDC6D047-F876-486B-B08F-DBF414AFC25D}.Debug|Win32.Build.0 = Debug|Win32
		{CDC6D047-F876-486B-B08F-DBF414AFC25D}.Release|Win32.ActiveCfg = Release|Win32
		{CDC6D047-F876-486B-B08F-DBF414AFC25D}.Release|Win32.Build.0 = Release|Win32
		{E4D7A84F-4BFC-4BCA-A974-3BAA2CFF0842}.Debug|Win32.ActiveCfg = Debug|Win32
		{E4D7A84F-4BFC-4BCA-A974-3BAA2CFF0842}.Debug|Win32.Build.0 = Debug|Win32
		{E4D7A84F-4BFC-4BCA-A974-3BAA2CFF0842}.Release|Win32.ActiveCfg = Release|Win32
		{E4D7A84F-4BFC-4BCA-A974-3BAA2CFF0842}.Release|Win32.Build.0 = Release|Win32
	EndGlobalSection
	GlobalSection(SolutionProperties) = preSolution
		HideSolutionNode = FALSE
	EndGlobalSection
EndGlobal
