
Microsoft Visual Studio Solution File, Format Version 12.00
# Visual Studio 2013
VisualStudioVersion = 12.0.30110.0
MinimumVisualStudioVersion = 10.0.40219.1
Project("{8BC9CEB8-8B4A-11D0-8D11-00A0C91BC942}") = "Merge_Intervals", "Merge_Intervals\Merge_Intervals.vcxproj", "{56E0C2C3-8017-4E8C-B511-7C7AAAD046C9}"
EndProject
Project("{8BC9CEB8-8B4A-11D0-8D11-00A0C91BC942}") = "GoogleTest", "GoogleTest\GoogleTest.vcxproj", "{E13453C7-0D21-4350-B8DF-E64643E176E5}"
EndProject
Project("{8BC9CEB8-8B4A-11D0-8D11-00A0C91BC942}") = "Merge_Intervals_ULT", "Merge_Intervals_ULT\Merge_Intervals_ULT.vcxproj", "{D9CD5DAC-1A39-45A9-AFDF-EFFEDA69FF83}"
EndProject
Global
	GlobalSection(SolutionConfigurationPlatforms) = preSolution
		Debug|Win32 = Debug|Win32
		Release|Win32 = Release|Win32
	EndGlobalSection
	GlobalSection(ProjectConfigurationPlatforms) = postSolution
		{56E0C2C3-8017-4E8C-B511-7C7AAAD046C9}.Debug|Win32.ActiveCfg = Debug|Win32
		{56E0C2C3-8017-4E8C-B511-7C7AAAD046C9}.Debug|Win32.Build.0 = Debug|Win32
		{56E0C2C3-8017-4E8C-B511-7C7AAAD046C9}.Release|Win32.ActiveCfg = Release|Win32
		{56E0C2C3-8017-4E8C-B511-7C7AAAD046C9}.Release|Win32.Build.0 = Release|Win32
		{E13453C7-0D21-4350-B8DF-E64643E176E5}.Debug|Win32.ActiveCfg = Debug|Win32
		{E13453C7-0D21-4350-B8DF-E64643E176E5}.Debug|Win32.Build.0 = Debug|Win32
		{E13453C7-0D21-4350-B8DF-E64643E176E5}.Release|Win32.ActiveCfg = Release|Win32
		{E13453C7-0D21-4350-B8DF-E64643E176E5}.Release|Win32.Build.0 = Release|Win32
		{D9CD5DAC-1A39-45A9-AFDF-EFFEDA69FF83}.Debug|Win32.ActiveCfg = Debug|Win32
		{D9CD5DAC-1A39-45A9-AFDF-EFFEDA69FF83}.Debug|Win32.Build.0 = Debug|Win32
		{D9CD5DAC-1A39-45A9-AFDF-EFFEDA69FF83}.Release|Win32.ActiveCfg = Release|Win32
		{D9CD5DAC-1A39-45A9-AFDF-EFFEDA69FF83}.Release|Win32.Build.0 = Release|Win32
	EndGlobalSection
	GlobalSection(SolutionProperties) = preSolution
		HideSolutionNode = FALSE
	EndGlobalSection
EndGlobal
