
Microsoft Visual Studio Solution File, Format Version 12.00
# Visual Studio 2013
VisualStudioVersion = 12.0.30110.0
MinimumVisualStudioVersion = 10.0.40219.1
Project("{8BC9CEB8-8B4A-11D0-8D11-00A0C91BC942}") = "Largest_Rectangle_in_Histogram", "Largest_Rectangle_in_Histogram\Largest_Rectangle_in_Histogram.vcxproj", "{E04DBAB3-9BB2-425B-8979-CEFEED103D36}"
EndProject
Project("{8BC9CEB8-8B4A-11D0-8D11-00A0C91BC942}") = "GoogleTest", "GoogleTest\GoogleTest.vcxproj", "{961342F7-3712-4C26-8C5E-88F4AA6DE8A7}"
EndProject
Project("{8BC9CEB8-8B4A-11D0-8D11-00A0C91BC942}") = "Largest_Rectangle_in_Histogram_ULT", "Largest_Rectangle_in_Histogram_ULT\Largest_Rectangle_in_Histogram_ULT.vcxproj", "{55EE8955-B47C-4190-A467-0342D68B7F02}"
EndProject
Global
	GlobalSection(SolutionConfigurationPlatforms) = preSolution
		Debug|Win32 = Debug|Win32
		Release|Win32 = Release|Win32
	EndGlobalSection
	GlobalSection(ProjectConfigurationPlatforms) = postSolution
		{E04DBAB3-9BB2-425B-8979-CEFEED103D36}.Debug|Win32.ActiveCfg = Debug|Win32
		{E04DBAB3-9BB2-425B-8979-CEFEED103D36}.Debug|Win32.Build.0 = Debug|Win32
		{E04DBAB3-9BB2-425B-8979-CEFEED103D36}.Release|Win32.ActiveCfg = Release|Win32
		{E04DBAB3-9BB2-425B-8979-CEFEED103D36}.Release|Win32.Build.0 = Release|Win32
		{961342F7-3712-4C26-8C5E-88F4AA6DE8A7}.Debug|Win32.ActiveCfg = Debug|Win32
		{961342F7-3712-4C26-8C5E-88F4AA6DE8A7}.Debug|Win32.Build.0 = Debug|Win32
		{961342F7-3712-4C26-8C5E-88F4AA6DE8A7}.Release|Win32.ActiveCfg = Release|Win32
		{961342F7-3712-4C26-8C5E-88F4AA6DE8A7}.Release|Win32.Build.0 = Release|Win32
		{55EE8955-B47C-4190-A467-0342D68B7F02}.Debug|Win32.ActiveCfg = Debug|Win32
		{55EE8955-B47C-4190-A467-0342D68B7F02}.Debug|Win32.Build.0 = Debug|Win32
		{55EE8955-B47C-4190-A467-0342D68B7F02}.Release|Win32.ActiveCfg = Release|Win32
		{55EE8955-B47C-4190-A467-0342D68B7F02}.Release|Win32.Build.0 = Release|Win32
	EndGlobalSection
	GlobalSection(SolutionProperties) = preSolution
		HideSolutionNode = FALSE
	EndGlobalSection
EndGlobal
