
Microsoft Visual Studio Solution File, Format Version 12.00
# Visual Studio 2013
VisualStudioVersion = 12.0.30110.0
MinimumVisualStudioVersion = 10.0.40219.1
Project("{8BC9CEB8-8B4A-11D0-8D11-00A0C91BC942}") = "Fraction_to_Recurring_Decimal", "Fraction_to_Recurring_Decimal\Fraction_to_Recurring_Decimal.vcxproj", "{132B48A0-A87C-4643-9051-57C61E6CA6E5}"
EndProject
Project("{8BC9CEB8-8B4A-11D0-8D11-00A0C91BC942}") = "GoogleTest", "GoogleTest\GoogleTest.vcxproj", "{1C290067-8A8A-4A24-9219-E8C5081CED79}"
EndProject
Project("{8BC9CEB8-8B4A-11D0-8D11-00A0C91BC942}") = "Fraction_to_Recurring_Decimal_ULT", "Fraction_to_Recurring_Decimal_ULT\Fraction_to_Recurring_Decimal_ULT.vcxproj", "{029FDA96-251B-42AB-8AE1-B52EE55D0FB5}"
EndProject
Global
	GlobalSection(SolutionConfigurationPlatforms) = preSolution
		Debug|Win32 = Debug|Win32
		Release|Win32 = Release|Win32
	EndGlobalSection
	GlobalSection(ProjectConfigurationPlatforms) = postSolution
		{132B48A0-A87C-4643-9051-57C61E6CA6E5}.Debug|Win32.ActiveCfg = Debug|Win32
		{132B48A0-A87C-4643-9051-57C61E6CA6E5}.Debug|Win32.Build.0 = Debug|Win32
		{132B48A0-A87C-4643-9051-57C61E6CA6E5}.Release|Win32.ActiveCfg = Release|Win32
		{132B48A0-A87C-4643-9051-57C61E6CA6E5}.Release|Win32.Build.0 = Release|Win32
		{1C290067-8A8A-4A24-9219-E8C5081CED79}.Debug|Win32.ActiveCfg = Debug|Win32
		{1C290067-8A8A-4A24-9219-E8C5081CED79}.Debug|Win32.Build.0 = Debug|Win32
		{1C290067-8A8A-4A24-9219-E8C5081CED79}.Release|Win32.ActiveCfg = Release|Win32
		{1C290067-8A8A-4A24-9219-E8C5081CED79}.Release|Win32.Build.0 = Release|Win32
		{029FDA96-251B-42AB-8AE1-B52EE55D0FB5}.Debug|Win32.ActiveCfg = Debug|Win32
		{029FDA96-251B-42AB-8AE1-B52EE55D0FB5}.Debug|Win32.Build.0 = Debug|Win32
		{029FDA96-251B-42AB-8AE1-B52EE55D0FB5}.Release|Win32.ActiveCfg = Release|Win32
		{029FDA96-251B-42AB-8AE1-B52EE55D0FB5}.Release|Win32.Build.0 = Release|Win32
	EndGlobalSection
	GlobalSection(SolutionProperties) = preSolution
		HideSolutionNode = FALSE
	EndGlobalSection
EndGlobal
