
Microsoft Visual Studio Solution File, Format Version 12.00
# Visual Studio 2013
VisualStudioVersion = 12.0.30110.0
MinimumVisualStudioVersion = 10.0.40219.1
Project("{8BC9CEB8-8B4A-11D0-8D11-00A0C91BC942}") = "Multiply_Strings", "Multiply_Strings\Multiply_Strings.vcxproj", "{22B958C8-1E23-42D9-85BC-B2282681169D}"
EndProject
Project("{8BC9CEB8-8B4A-11D0-8D11-00A0C91BC942}") = "GoogleTest", "GoogleTest\GoogleTest.vcxproj", "{18545C5C-1280-4982-9130-487208D51656}"
EndProject
Project("{8BC9CEB8-8B4A-11D0-8D11-00A0C91BC942}") = "Multiply_Strings_ULT", "Multiply_Strings_ULT\Multiply_Strings_ULT.vcxproj", "{4213FCDA-2636-4E72-BEFF-4919B186B219}"
EndProject
Global
	GlobalSection(SolutionConfigurationPlatforms) = preSolution
		Debug|Win32 = Debug|Win32
		Release|Win32 = Release|Win32
	EndGlobalSection
	GlobalSection(ProjectConfigurationPlatforms) = postSolution
		{22B958C8-1E23-42D9-85BC-B2282681169D}.Debug|Win32.ActiveCfg = Debug|Win32
		{22B958C8-1E23-42D9-85BC-B2282681169D}.Debug|Win32.Build.0 = Debug|Win32
		{22B958C8-1E23-42D9-85BC-B2282681169D}.Release|Win32.ActiveCfg = Release|Win32
		{22B958C8-1E23-42D9-85BC-B2282681169D}.Release|Win32.Build.0 = Release|Win32
		{18545C5C-1280-4982-9130-487208D51656}.Debug|Win32.ActiveCfg = Debug|Win32
		{18545C5C-1280-4982-9130-487208D51656}.Debug|Win32.Build.0 = Debug|Win32
		{18545C5C-1280-4982-9130-487208D51656}.Release|Win32.ActiveCfg = Release|Win32
		{18545C5C-1280-4982-9130-487208D51656}.Release|Win32.Build.0 = Release|Win32
		{4213FCDA-2636-4E72-BEFF-4919B186B219}.Debug|Win32.ActiveCfg = Debug|Win32
		{4213FCDA-2636-4E72-BEFF-4919B186B219}.Debug|Win32.Build.0 = Debug|Win32
		{4213FCDA-2636-4E72-BEFF-4919B186B219}.Release|Win32.ActiveCfg = Release|Win32
		{4213FCDA-2636-4E72-BEFF-4919B186B219}.Release|Win32.Build.0 = Release|Win32
	EndGlobalSection
	GlobalSection(SolutionProperties) = preSolution
		HideSolutionNode = FALSE
	EndGlobalSection
EndGlobal
